
Microsoft Visual Studio Solution File, Format Version 12.00
# Visual Studio Version 17
VisualStudioVersion = 17.9.34701.34
MinimumVisualStudioVersion = 10.0.40219.1
Project("{FAE04EC0-301F-11D3-BF4B-00C04F79EFBC}") = "ChessAPI", "ChessAPI\ChessAPI.csproj", "{B01EB6EF-1FC8-4653-B192-DEFA06CB331A}"
EndProject
Global
	GlobalSection(SolutionConfigurationPlatforms) = preSolution
		Debug|Any CPU = Debug|Any CPU
		Release|Any CPU = Release|Any CPU
	EndGlobalSection
	GlobalSection(ProjectConfigurationPlatforms) = postSolution
		{B01EB6EF-1FC8-4653-B192-DEFA06CB331A}.Debug|Any CPU.ActiveCfg = Debug|Any CPU
		{B01EB6EF-1FC8-4653-B192-DEFA06CB331A}.Debug|Any CPU.Build.0 = Debug|Any CPU
		{B01EB6EF-1FC8-4653-B192-DEFA06CB331A}.Release|Any CPU.ActiveCfg = Release|Any CPU
		{B01EB6EF-1FC8-4653-B192-DEFA06CB331A}.Release|Any CPU.Build.0 = Release|Any CPU
	EndGlobalSection
	GlobalSection(SolutionProperties) = preSolution
		HideSolutionNode = FALSE
	EndGlobalSection
	GlobalSection(ExtensibilityGlobals) = postSolution
		SolutionGuid = {98617F6B-FEED-42EB-AF65-59F29DBD09A6}
	EndGlobalSection
EndGlobal
